
Microsoft Visual Studio Solution File, Format Version 12.00
# Visual Studio Version 17
VisualStudioVersion = 17.2.32526.322
MinimumVisualStudioVersion = 10.0.40219.1
Project("{FAE04EC0-301F-11D3-BF4B-00C04F79EFBC}") = "LearnApp1", "LearnApp1\LearnApp1.csproj", "{EBF0EF31-2BA9-4040-B833-33258C2DD0A0}"
EndProject
Global
	GlobalSection(SolutionConfigurationPlatforms) = preSolution
		Debug|Any CPU = Debug|Any CPU
		Release|Any CPU = Release|Any CPU
	EndGlobalSection
	GlobalSection(ProjectConfigurationPlatforms) = postSolution
		{EBF0EF31-2BA9-4040-B833-33258C2DD0A0}.Debug|Any CPU.ActiveCfg = Debug|Any CPU
		{EBF0EF31-2BA9-4040-B833-33258C2DD0A0}.Debug|Any CPU.Build.0 = Debug|Any CPU
		{EBF0EF31-2BA9-4040-B833-33258C2DD0A0}.Release|Any CPU.ActiveCfg = Release|Any CPU
		{EBF0EF31-2BA9-4040-B833-33258C2DD0A0}.Release|Any CPU.Build.0 = Release|Any CPU
	EndGlobalSection
	GlobalSection(SolutionProperties) = preSolution
		HideSolutionNode = FALSE
	EndGlobalSection
	GlobalSection(ExtensibilityGlobals) = postSolution
		SolutionGuid = {A5E2F180-10D7-4B30-BACE-161C2F52D0BE}
	EndGlobalSection
EndGlobal
